
Microsoft Visual Studio Solution File, Format Version 12.00
# Visual Studio Version 16
VisualStudioVersion = 16.0.30104.148
MinimumVisualStudioVersion = 10.0.40219.1
Project("{F184B08F-C81C-45F6-A57F-5ABD9991F28F}") = "SpeedysNicknameRandomizer", "SpeedysNicknameRandomizer\SpeedysNicknameRandomizer.vbproj", "{B5BC2538-199B-409A-B7AC-5F964A6F8F75}"
EndProject
Global
	GlobalSection(SolutionConfigurationPlatforms) = preSolution
		Debug|Any CPU = Debug|Any CPU
		Release|Any CPU = Release|Any CPU
	EndGlobalSection
	GlobalSection(ProjectConfigurationPlatforms) = postSolution
		{B5BC2538-199B-409A-B7AC-5F964A6F8F75}.Debug|Any CPU.ActiveCfg = Debug|Any CPU
		{B5BC2538-199B-409A-B7AC-5F964A6F8F75}.Debug|Any CPU.Build.0 = Debug|Any CPU
		{B5BC2538-199B-409A-B7AC-5F964A6F8F75}.Release|Any CPU.ActiveCfg = Release|Any CPU
		{B5BC2538-199B-409A-B7AC-5F964A6F8F75}.Release|Any CPU.Build.0 = Release|Any CPU
	EndGlobalSection
	GlobalSection(SolutionProperties) = preSolution
		HideSolutionNode = FALSE
	EndGlobalSection
	GlobalSection(ExtensibilityGlobals) = postSolution
		SolutionGuid = {F68CD5A1-93F3-46B9-9962-1719DA64F11C}
	EndGlobalSection
EndGlobal
